Microsoft Visual Studio Solution File, Format Version 8.00
Project("{8BC9CEB8-8B4A-11D0-8D11-00A0C91BC942}") = "clix", "clr\src\tools\clix\clixexe.vcproj", "{F9383923-B0D1-4592-A226-EE38AE7662FF}"
	ProjectSection(ProjectDependencies) = postProject
	EndProjectSection
EndProject
Project("{8BC9CEB9-8B4A-11D0-8D11-00A0C91BC942}") = "clix.exe", "build\v1.x86fstchk.rotor\clix.exe", "{C61E4E81-AB1C-4212-BD94-92DB5BAD2B5A}"
	ProjectSection(ProjectDependencies) = postProject
	EndProjectSection
EndProject
Project("{8BC9CEB8-8B4A-11D0-8D11-00A0C91BC942}") = "vm", "clr\src\vm\vm.vcproj", "{FF8033E9-57BA-47DA-B80C-91BAC2C27D7F}"
	ProjectSection(ProjectDependencies) = postProject
	EndProjectSection
EndProject
Project("{FAE04EC0-301F-11D3-BF4B-00C04F79EFBC}") = "system", "clr\src\bcl\system\system.csproj", "{500152A5-9D40-4A57-AE79-B24A0C065FAD}"
	ProjectSection(ProjectDependencies) = postProject
	EndProjectSection
EndProject
Project("{8BC9CEB8-8B4A-11D0-8D11-00A0C91BC942}") = "win32", "pal\win32\win32.vcproj", "{07AF78CC-8DD0-4AB9-8906-DB04A359ADE6}"
	ProjectSection(ProjectDependencies) = postProject
	EndProjectSection
EndProject
Project("{8BC9CEB8-8B4A-11D0-8D11-00A0C91BC942}") = "fjit", "clr\src\fjit\fjit.vcproj", "{3FC13177-0615-455E-B679-04D4A801834A}"
	ProjectSection(ProjectDependencies) = postProject
	EndProjectSection
EndProject
Project("{8BC9CEB8-8B4A-11D0-8D11-00A0C91BC942}") = "metadata_runtime", "clr\src\md\runtime\runtime.vcproj", "{7F55114A-6B9D-4C4C-AC35-7F7A0DFDB1C6}"
	ProjectSection(ProjectDependencies) = postProject
	EndProjectSection
EndProject
Project("{8BC9CEB8-8B4A-11D0-8D11-00A0C91BC942}") = "inc", "clr\src\inc\inc.vcproj", "{DD4D4FC0-8B4C-40FD-9BE5-0E7F45D1C115}"
	ProjectSection(ProjectDependencies) = postProject
	EndProjectSection
EndProject
Project("{8BC9CEB8-8B4A-11D0-8D11-00A0C91BC942}") = "csharp", "clr\src\csharp\csharp\csharp.vcproj", "{CC1D631D-EAE5-47F8-9724-06B95FFC9AAE}"
	ProjectSection(ProjectDependencies) = postProject
	EndProjectSection
EndProject
Project("{8BC9CEB8-8B4A-11D0-8D11-00A0C91BC942}") = "ildasm", "clr\src\ildasm\ildasm.vcproj", "{DCB09E10-3937-4B3F-9A6E-ED9A6233249C}"
	ProjectSection(ProjectDependencies) = postProject
	EndProjectSection
EndProject
Project("{8BC9CEB8-8B4A-11D0-8D11-00A0C91BC942}") = "refcounting_tests", "tests\refcounting\refcounting.vcproj", "{7A323F3E-FD0D-47A1-BE56-02F18B3A88CC}"
	ProjectSection(ProjectDependencies) = postProject
	EndProjectSection
EndProject
Project("{8BC9CEB8-8B4A-11D0-8D11-00A0C91BC942}") = "benchmarks", "benchmarks\benchmarks.vcproj", "{86CF33FD-69C1-497A-8228-9682E92D00B8}"
	ProjectSection(ProjectDependencies) = postProject
	EndProjectSection
EndProject
Global
	GlobalSection(SolutionConfiguration) = preSolution
		Debug = Debug
		Release = Release
		run = run
	EndGlobalSection
	GlobalSection(ProjectConfiguration) = postSolution
		{F9383923-B0D1-4592-A226-EE38AE7662FF}.Debug.ActiveCfg = Debug|Win32
		{F9383923-B0D1-4592-A226-EE38AE7662FF}.Debug.Build.0 = Debug|Win32
		{F9383923-B0D1-4592-A226-EE38AE7662FF}.Release.ActiveCfg = Release|Win32
		{F9383923-B0D1-4592-A226-EE38AE7662FF}.Release.Build.0 = Release|Win32
		{F9383923-B0D1-4592-A226-EE38AE7662FF}.run.ActiveCfg = run|Win32
		{C61E4E81-AB1C-4212-BD94-92DB5BAD2B5A}.Debug.ActiveCfg = Debug
		{C61E4E81-AB1C-4212-BD94-92DB5BAD2B5A}.Release.ActiveCfg = Debug
		{C61E4E81-AB1C-4212-BD94-92DB5BAD2B5A}.run.ActiveCfg = Debug
		{FF8033E9-57BA-47DA-B80C-91BAC2C27D7F}.Debug.ActiveCfg = Debug|Win32
		{FF8033E9-57BA-47DA-B80C-91BAC2C27D7F}.Debug.Build.0 = Debug|Win32
		{FF8033E9-57BA-47DA-B80C-91BAC2C27D7F}.Release.ActiveCfg = Release|Win32
		{FF8033E9-57BA-47DA-B80C-91BAC2C27D7F}.Release.Build.0 = Release|Win32
		{FF8033E9-57BA-47DA-B80C-91BAC2C27D7F}.run.ActiveCfg = run|Win32
		{500152A5-9D40-4A57-AE79-B24A0C065FAD}.Debug.ActiveCfg = Debug|.NET
		{500152A5-9D40-4A57-AE79-B24A0C065FAD}.Debug.Build.0 = Debug|.NET
		{500152A5-9D40-4A57-AE79-B24A0C065FAD}.Release.ActiveCfg = Release|.NET
		{500152A5-9D40-4A57-AE79-B24A0C065FAD}.Release.Build.0 = Release|.NET
		{500152A5-9D40-4A57-AE79-B24A0C065FAD}.run.ActiveCfg = run|.NET
		{07AF78CC-8DD0-4AB9-8906-DB04A359ADE6}.Debug.ActiveCfg = Debug|Win32
		{07AF78CC-8DD0-4AB9-8906-DB04A359ADE6}.Debug.Build.0 = Debug|Win32
		{07AF78CC-8DD0-4AB9-8906-DB04A359ADE6}.Release.ActiveCfg = Release|Win32
		{07AF78CC-8DD0-4AB9-8906-DB04A359ADE6}.Release.Build.0 = Release|Win32
		{07AF78CC-8DD0-4AB9-8906-DB04A359ADE6}.run.ActiveCfg = run|Win32
		{3FC13177-0615-455E-B679-04D4A801834A}.Debug.ActiveCfg = Debug|Win32
		{3FC13177-0615-455E-B679-04D4A801834A}.Debug.Build.0 = Debug|Win32
		{3FC13177-0615-455E-B679-04D4A801834A}.Release.ActiveCfg = Release|Win32
		{3FC13177-0615-455E-B679-04D4A801834A}.Release.Build.0 = Release|Win32
		{3FC13177-0615-455E-B679-04D4A801834A}.run.ActiveCfg = run|Win32
		{7F55114A-6B9D-4C4C-AC35-7F7A0DFDB1C6}.Debug.ActiveCfg = Debug|Win32
		{7F55114A-6B9D-4C4C-AC35-7F7A0DFDB1C6}.Debug.Build.0 = Debug|Win32
		{7F55114A-6B9D-4C4C-AC35-7F7A0DFDB1C6}.Release.ActiveCfg = Release|Win32
		{7F55114A-6B9D-4C4C-AC35-7F7A0DFDB1C6}.Release.Build.0 = Release|Win32
		{7F55114A-6B9D-4C4C-AC35-7F7A0DFDB1C6}.run.ActiveCfg = Release|Win32
		{7F55114A-6B9D-4C4C-AC35-7F7A0DFDB1C6}.run.Build.0 = Release|Win32
		{DD4D4FC0-8B4C-40FD-9BE5-0E7F45D1C115}.Debug.ActiveCfg = Debug|Win32
		{DD4D4FC0-8B4C-40FD-9BE5-0E7F45D1C115}.Debug.Build.0 = Debug|Win32
		{DD4D4FC0-8B4C-40FD-9BE5-0E7F45D1C115}.Release.ActiveCfg = Release|Win32
		{DD4D4FC0-8B4C-40FD-9BE5-0E7F45D1C115}.Release.Build.0 = Release|Win32
		{DD4D4FC0-8B4C-40FD-9BE5-0E7F45D1C115}.run.ActiveCfg = Release|Win32
		{DD4D4FC0-8B4C-40FD-9BE5-0E7F45D1C115}.run.Build.0 = Release|Win32
		{CC1D631D-EAE5-47F8-9724-06B95FFC9AAE}.Debug.ActiveCfg = Debug|Win32
		{CC1D631D-EAE5-47F8-9724-06B95FFC9AAE}.Debug.Build.0 = Debug|Win32
		{CC1D631D-EAE5-47F8-9724-06B95FFC9AAE}.Release.ActiveCfg = Release|Win32
		{CC1D631D-EAE5-47F8-9724-06B95FFC9AAE}.Release.Build.0 = Release|Win32
		{CC1D631D-EAE5-47F8-9724-06B95FFC9AAE}.run.ActiveCfg = Release|Win32
		{CC1D631D-EAE5-47F8-9724-06B95FFC9AAE}.run.Build.0 = Release|Win32
		{DCB09E10-3937-4B3F-9A6E-ED9A6233249C}.Debug.ActiveCfg = Debug|Win32
		{DCB09E10-3937-4B3F-9A6E-ED9A6233249C}.Debug.Build.0 = Debug|Win32
		{DCB09E10-3937-4B3F-9A6E-ED9A6233249C}.Release.ActiveCfg = Release|Win32
		{DCB09E10-3937-4B3F-9A6E-ED9A6233249C}.Release.Build.0 = Release|Win32
		{DCB09E10-3937-4B3F-9A6E-ED9A6233249C}.run.ActiveCfg = Release|Win32
		{DCB09E10-3937-4B3F-9A6E-ED9A6233249C}.run.Build.0 = Release|Win32
		{7A323F3E-FD0D-47A1-BE56-02F18B3A88CC}.Debug.ActiveCfg = Debug|Win32
		{7A323F3E-FD0D-47A1-BE56-02F18B3A88CC}.Debug.Build.0 = Debug|Win32
		{7A323F3E-FD0D-47A1-BE56-02F18B3A88CC}.Release.ActiveCfg = Release|Win32
		{7A323F3E-FD0D-47A1-BE56-02F18B3A88CC}.Release.Build.0 = Release|Win32
		{7A323F3E-FD0D-47A1-BE56-02F18B3A88CC}.run.ActiveCfg = Release|Win32
		{7A323F3E-FD0D-47A1-BE56-02F18B3A88CC}.run.Build.0 = Release|Win32
		{86CF33FD-69C1-497A-8228-9682E92D00B8}.Debug.ActiveCfg = Debug|Win32
		{86CF33FD-69C1-497A-8228-9682E92D00B8}.Debug.Build.0 = Debug|Win32
		{86CF33FD-69C1-497A-8228-9682E92D00B8}.Release.ActiveCfg = Release|Win32
		{86CF33FD-69C1-497A-8228-9682E92D00B8}.Release.Build.0 = Release|Win32
		{86CF33FD-69C1-497A-8228-9682E92D00B8}.run.ActiveCfg = Release|Win32
		{86CF33FD-69C1-497A-8228-9682E92D00B8}.run.Build.0 = Release|Win32
	EndGlobalSection
	GlobalSection(SolutionItems) = postSolution
		notes.txt = notes.txt
	EndGlobalSection
	GlobalSection(ExtensibilityGlobals) = postSolution
	EndGlobalSection
	GlobalSection(ExtensibilityAddIns) = postSolution
	EndGlobalSection
EndGlobal
