Microsoft Visual Studio Solution File, Format Version 8.00
Project("{8BC9CEB8-8B4A-11D0-8D11-00A0C91BC942}") = "thesis", "thesis.vcproj", "{AAF9CF8F-A91A-4FB6-A274-9B449497A752}"
	ProjectSection(ProjectDependencies) = postProject
	EndProjectSection
EndProject
Global
	GlobalSection(SolutionConfiguration) = preSolution
		Chunked HTML = Chunked HTML
		HTML = HTML
		PDF = PDF
		PS = PS
		Release = Release
	EndGlobalSection
	GlobalSection(ProjectConfiguration) = postSolution
		{AAF9CF8F-A91A-4FB6-A274-9B449497A752}.Chunked HTML.ActiveCfg = Chunked HTML|Win32
		{AAF9CF8F-A91A-4FB6-A274-9B449497A752}.Chunked HTML.Build.0 = Chunked HTML|Win32
		{AAF9CF8F-A91A-4FB6-A274-9B449497A752}.HTML.ActiveCfg = HTML|Win32
		{AAF9CF8F-A91A-4FB6-A274-9B449497A752}.HTML.Build.0 = HTML|Win32
		{AAF9CF8F-A91A-4FB6-A274-9B449497A752}.PDF.ActiveCfg = PDF|Win32
		{AAF9CF8F-A91A-4FB6-A274-9B449497A752}.PDF.Build.0 = PDF|Win32
		{AAF9CF8F-A91A-4FB6-A274-9B449497A752}.PS.ActiveCfg = PS|Win32
		{AAF9CF8F-A91A-4FB6-A274-9B449497A752}.PS.Build.0 = PS|Win32
		{AAF9CF8F-A91A-4FB6-A274-9B449497A752}.Release.ActiveCfg = Release|Win32
		{AAF9CF8F-A91A-4FB6-A274-9B449497A752}.Release.Build.0 = Release|Win32
	EndGlobalSection
	GlobalSection(ExtensibilityGlobals) = postSolution
	EndGlobalSection
	GlobalSection(ExtensibilityAddIns) = postSolution
	EndGlobalSection
EndGlobal
