Microsoft Visual Studio Solution File, Format Version 7.00
Project("{FAE04EC0-301F-11D3-BF4B-00C04F79EFBC}") = "Transform", "Transform.csproj", "{833E4B4C-3942-404D-A685-C2ED9200D7BD}"
EndProject
Global
	GlobalSection(SolutionConfiguration) = preSolution
		ConfigName.0 = Debug
		ConfigName.1 = Release
	EndGlobalSection
	GlobalSection(ProjectDependencies) = postSolution
	EndGlobalSection
	GlobalSection(ProjectConfiguration) = postSolution
		{833E4B4C-3942-404D-A685-C2ED9200D7BD}.Debug.ActiveCfg = Debug|.NET
		{833E4B4C-3942-404D-A685-C2ED9200D7BD}.Debug.Build.0 = Debug|.NET
		{833E4B4C-3942-404D-A685-C2ED9200D7BD}.Release.ActiveCfg = Release|.NET
		{833E4B4C-3942-404D-A685-C2ED9200D7BD}.Release.Build.0 = Release|.NET
	EndGlobalSection
	GlobalSection(ExtensibilityGlobals) = postSolution
	EndGlobalSection
	GlobalSection(ExtensibilityAddIns) = postSolution
	EndGlobalSection
EndGlobal
